
Microsoft Visual Studio Solution File, Format Version 12.00
# Visual Studio Version 16
VisualStudioVersion = 16.0.31515.178
MinimumVisualStudioVersion = 10.0.40219.1
Project("{FAE04EC0-301F-11D3-BF4B-00C04F79EFBC}") = "Automated Missle Controll", "Automated Missle Controll\Automated Missle Controll.csproj", "{3D39CAA8-EE4F-40E9-8AE3-F1C75CB68E51}"
EndProject
Global
	GlobalSection(SolutionConfigurationPlatforms) = preSolution
		Debug|x64 = Debug|x64
	EndGlobalSection
	GlobalSection(ProjectConfigurationPlatforms) = postSolution
		{3D39CAA8-EE4F-40E9-8AE3-F1C75CB68E51}.Debug|x64.ActiveCfg = Debug|x64
		{3D39CAA8-EE4F-40E9-8AE3-F1C75CB68E51}.Debug|x64.Build.0 = Debug|x64
	EndGlobalSection
	GlobalSection(SolutionProperties) = preSolution
		HideSolutionNode = FALSE
	EndGlobalSection
	GlobalSection(ExtensibilityGlobals) = postSolution
		SolutionGuid = {A0BE6862-D244-4686-BFB0-5019AFC069DE}
	EndGlobalSection
EndGlobal
